{
  "name": "nbb-relative-async-imports",
  "version": "1.0.0",
  "lockfileVersion": 2,
  "requires": true,
  "packages": {
    "": {
      "name": "nbb-relative-async-imports",
      "version": "1.0.0",
      "license": "ISC",
      "dependencies": {
        "nbb": "0.7.135"
      }
    },
    "node_modules/import-meta-resolve": {
      "version": "2.1.0",
      "resolved": "https://registry.npmjs.org/import-meta-resolve/-/import-meta-resolve-2.1.0.tgz",
      "integrity": "sha512-yG9pxkWJVTy4cmRsNWE3ztFdtFuYIV8G4N+cbCkO8b+qngkLyIUhxQFuZ0qJm67+0nUOxjMPT7nfksPKza1v2g==",
      "funding": {
        "type": "github",
        "url": "https://github.com/sponsors/wooorm"
      }
    },
    "node_modules/nbb": {
      "version": "0.7.135",
      "resolved": "https://registry.npmjs.org/nbb/-/nbb-0.7.135.tgz",
      "integrity": "sha512-mojt/az9RWSV3CAzMLq64fD4MmXjmnHdEuC7E1fIpQa8M3sRUlKAMSOXTBebiy5Yg9M1WffHGWr8IwUZF9Qg3w==",
      "dependencies": {
        "import-meta-resolve": "^2.1.0"
      },
      "bin": {
        "nbb": "cli.js"
      }
    }
  },
  "dependencies": {
    "import-meta-resolve": {
      "version": "2.1.0",
      "resolved": "https://registry.npmjs.org/import-meta-resolve/-/import-meta-resolve-2.1.0.tgz",
      "integrity": "sha512-yG9pxkWJVTy4cmRsNWE3ztFdtFuYIV8G4N+cbCkO8b+qngkLyIUhxQFuZ0qJm67+0nUOxjMPT7nfksPKza1v2g=="
    },
    "nbb": {
      "version": "0.7.135",
      "resolved": "https://registry.npmjs.org/nbb/-/nbb-0.7.135.tgz",
      "integrity": "sha512-mojt/az9RWSV3CAzMLq64fD4MmXjmnHdEuC7E1fIpQa8M3sRUlKAMSOXTBebiy5Yg9M1WffHGWr8IwUZF9Qg3w==",
      "requires": {
        "import-meta-resolve": "^2.1.0"
      }
    }
  }
}
